// !$*UTF8*$!
{
	archiveVersion = 1;
	classes = {
	};
	objectVersion = 46;
	objects = {

/* Begin PBXBuildFile section */
		ABA2B1971AE643DC009C8C42 /* AppDelegate.swift in Sources */ = {isa = PBXBuildFile; fileRef = ABA2B1961AE643DC009C8C42 /* AppDelegate.swift */; };
		ABA2B19A1AE643DC009C8C42 /* assessment1.xcdatamodeld in Sources */ = {isa = PBXBuildFile; fileRef = ABA2B1981AE643DC009C8C42 /* assessment1.xcdatamodeld */; };
		ABA2B19C1AE643DC009C8C42 /* ViewController.swift in Sources */ = {isa = PBXBuildFile; fileRef = ABA2B19B1AE643DC009C8C42 /* ViewController.swift */; };
		ABA2B19F1AE643DC009C8C42 /* Main.storyboard in Resources */ = {isa = PBXBuildFile; fileRef = ABA2B19D1AE643DC009C8C42 /* Main.storyboard */; };
		ABA2B1A11AE643DC009C8C42 /* Images.xcassets in Resources */ = {isa = PBXBuildFile; fileRef = ABA2B1A01AE643DC009C8C42 /* Images.xcassets */; };
		ABA2B1A41AE643DC009C8C42 /* LaunchScreen.xib in Resources */ = {isa = PBXBuildFile; fileRef = ABA2B1A21AE643DC009C8C42 /* LaunchScreen.xib */; };
		ABA2B1B01AE643DC009C8C42 /* assessment1Tests.swift in Sources */ = {isa = PBXBuildFile; fileRef = ABA2B1AF1AE643DC009C8C42 /* assessment1Tests.swift */; };
/* End PBXBuildFile section */

/* Begin PBXContainerItemProxy section */
		ABA2B1AA1AE643DC009C8C42 /* PBXContainerItemProxy */ = {
			isa = PBXContainerItemProxy;
			containerPortal = ABA2B1891AE643DC009C8C42 /* Project object */;
			proxyType = 1;
			remoteGlobalIDString = ABA2B1901AE643DC009C8C42;
			remoteInfo = assessment1;
		};
/* End PBXContainerItemProxy section */

/* Begin PBXFileReference section */
		ABA2B1911AE643DC009C8C42 /* assessment1.app */ = {isa = PBXFileReference; explicitFileType = wrapper.application; includeInIndex = 0; path = assessment1.app; sourceTree = BUILT_PRODUCTS_DIR; };
		ABA2B1951AE643DC009C8C42 /* Info.plist */ = {isa = PBXFileReference; lastKnownFileType = text.plist.xml; path = Info.plist; sourceTree = "<group>"; };
		ABA2B1961AE643DC009C8C42 /* AppDelegate.swift */ = {isa = PBXFileReference; lastKnownFileType = sourcecode.swift; path = AppDelegate.swift; sourceTree = "<group>"; };
		ABA2B1991AE643DC009C8C42 /* assessment1.xcdatamodel */ = {isa = PBXFileReference; lastKnownFileType = wrapper.xcdatamodel; path = assessment1.xcdatamodel; sourceTree = "<group>"; };
		ABA2B19B1AE643DC009C8C42 /* ViewController.swift */ = {isa = PBXFileReference; lastKnownFileType = sourcecode.swift; path = ViewController.swift; sourceTree = "<group>"; };
		ABA2B19E1AE643DC009C8C42 /* Base */ = {isa = PBXFileReference; lastKnownFileType = file.storyboard; name = Base; path = Base.lproj/Main.storyboard; sourceTree = "<group>"; };
		ABA2B1A01AE643DC009C8C42 /* Images.xcassets */ = {isa = PBXFileReference; lastKnownFileType = folder.assetcatalog; path = Images.xcassets; sourceTree = "<group>"; };
		ABA2B1A31AE643DC009C8C42 /* Base */ = {isa = PBXFileReference; lastKnownFileType = file.xib; name = Base; path = Base.lproj/LaunchScreen.xib; sourceTree = "<group>"; };
		ABA2B1A91AE643DC009C8C42 /* assessment1Tests.xctest */ = {isa = PBXFileReference; explicitFileType = wrapper.cfbundle; includeInIndex = 0; path = assessment1Tests.xctest; sourceTree = BUILT_PRODUCTS_DIR; };
		ABA2B1AE1AE643DC009C8C42 /* Info.plist */ = {isa = PBXFileReference; lastKnownFileType = text.plist.xml; path = Info.plist; sourceTree = "<group>"; };
		ABA2B1AF1AE643DC009C8C42 /* assessment1Tests.swift */ = {isa = PBXFileReference; lastKnownFileType = sourcecode.swift; path = assessment1Tests.swift; sourceTree = "<group>"; };
/* End PBXFileReference section */

/* Begin PBXFrameworksBuildPhase section */
		ABA2B18E1AE643DC009C8C42 /* Frameworks */ = {
			isa = PBXFrameworksBuildPhase;
			buildActionMask = 2147483647;
			files = (
			);
			runOnlyForDeploymentPostprocessing = 0;
		};
		ABA2B1A61AE643DC009C8C42 /* Frameworks */ = {
			isa = PBXFrameworksBuildPhase;
			buildActionMask = 2147483647;
			files = (
			);
			runOnlyForDeploymentPostprocessing = 0;
		};
/* End PBXFrameworksBuildPhase section */

/* Begin PBXGroup section */
		ABA2B1881AE643DC009C8C42 = {
			isa = PBXGroup;
			children = (
				ABA2B1931AE643DC009C8C42 /* assessment1 */,
				ABA2B1AC1AE643DC009C8C42 /* assessment1Tests */,
				ABA2B1921AE643DC009C8C42 /* Products */,
			);
			sourceTree = "<group>";
		};
		ABA2B1921AE643DC009C8C42 /* Products */ = {
			isa = PBXGroup;
			children = (
				ABA2B1911AE643DC009C8C42 /* assessment1.app */,
				ABA2B1A91AE643DC009C8C42 /* assessment1Tests.xctest */,
			);
			name = Products;
			sourceTree = "<group>";
		};
		ABA2B1931AE643DC009C8C42 /* assessment1 */ = {
			isa = PBXGroup;
			children = (
				ABA2B1961AE643DC009C8C42 /* AppDelegate.swift */,
				ABA2B19B1AE643DC009C8C42 /* ViewController.swift */,
				ABA2B19D1AE643DC009C8C42 /* Main.storyboard */,
				ABA2B1A01AE643DC009C8C42 /* Images.xcassets */,
				ABA2B1A21AE643DC009C8C42 /* LaunchScreen.xib */,
				ABA2B1981AE643DC009C8C42 /* assessment1.xcdatamodeld */,
				ABA2B1941AE643DC009C8C42 /* Supporting Files */,
			);
			path = assessment1;
			sourceTree = "<group>";
		};
		ABA2B1941AE643DC009C8C42 /* Supporting Files */ = {
			isa = PBXGroup;
			children = (
				ABA2B1951AE643DC009C8C42 /* Info.plist */,
			);
			name = "Supporting Files";
			sourceTree = "<group>";
		};
		ABA2B1AC1AE643DC009C8C42 /* assessment1Tests */ = {
			isa = PBXGroup;
			children = (
				ABA2B1AF1AE643DC009C8C42 /* assessment1Tests.swift */,
				ABA2B1AD1AE643DC009C8C42 /* Supporting Files */,
			);
			path = assessment1Tests;
			sourceTree = "<group>";
		};
		ABA2B1AD1AE643DC009C8C42 /* Supporting Files */ = {
			isa = PBXGroup;
			children = (
				ABA2B1AE1AE643DC009C8C42 /* Info.plist */,
			);
			name = "Supporting Files";
			sourceTree = "<group>";
		};
/* End PBXGroup section */

/* Begin PBXNativeTarget section */
		ABA2B1901AE643DC009C8C42 /* assessment1 */ = {
			isa = PBXNativeTarget;
			buildConfigurationList = ABA2B1B31AE643DC009C8C42 /* Build configuration list for PBXNativeTarget "assessment1" */;
			buildPhases = (
				ABA2B18D1AE643DC009C8C42 /* Sources */,
				ABA2B18E1AE643DC009C8C42 /* Frameworks */,
				ABA2B18F1AE643DC009C8C42 /* Resources */,
			);
			buildRules = (
			);
			dependencies = (
			);
			name = assessment1;
			productName = assessment1;
			productReference = ABA2B1911AE643DC009C8C42 /* assessment1.app */;
			productType = "com.apple.product-type.application";
		};
		ABA2B1A81AE643DC009C8C42 /* assessment1Tests */ = {
			isa = PBXNativeTarget;
			buildConfigurationList = ABA2B1B61AE643DC009C8C42 /* Build configuration list for PBXNativeTarget "assessment1Tests" */;
			buildPhases = (
				ABA2B1A51AE643DC009C8C42 /* Sources */,
				ABA2B1A61AE643DC009C8C42 /* Frameworks */,
				ABA2B1A71AE643DC009C8C42 /* Resources */,
			);
			buildRules = (
			);
			dependencies = (
				ABA2B1AB1AE643DC009C8C42 /* PBXTargetDependency */,
			);
			name = assessment1Tests;
			productName = assessment1Tests;
			productReference = ABA2B1A91AE643DC009C8C42 /* assessment1Tests.xctest */;
			productType = "com.apple.product-type.bundle.unit-test";
		};
/* End PBXNativeTarget section */

/* Begin PBXProject section */
		ABA2B1891AE643DC009C8C42 /* Project object */ = {
			isa = PBXProject;
			attributes = {
				LastUpgradeCheck = 0630;
				ORGANIZATIONNAME = "Casey Macrae";
				TargetAttributes = {
					ABA2B1901AE643DC009C8C42 = {
						CreatedOnToolsVersion = 6.3;
					};
					ABA2B1A81AE643DC009C8C42 = {
						CreatedOnToolsVersion = 6.3;
						TestTargetID = ABA2B1901AE643DC009C8C42;
					};
				};
			};
			buildConfigurationList = ABA2B18C1AE643DC009C8C42 /* Build configuration list for PBXProject "assessment1" */;
			compatibilityVersion = "Xcode 3.2";
			developmentRegion = English;
			hasScannedForEncodings = 0;
			knownRegions = (
				en,
				Base,
			);
			mainGroup = ABA2B1881AE643DC009C8C42;
			productRefGroup = ABA2B1921AE643DC009C8C42 /* Products */;
			projectDirPath = "";
			projectRoot = "";
			targets = (
				ABA2B1901AE643DC009C8C42 /* assessment1 */,
				ABA2B1A81AE643DC009C8C42 /* assessment1Tests */,
			);
		};
/* End PBXProject section */

/* Begin PBXResourcesBuildPhase section */
		ABA2B18F1AE643DC009C8C42 /* Resources */ = {
			isa = PBXResourcesBuildPhase;
			buildActionMask = 2147483647;
			files = (
				ABA2B19F1AE643DC009C8C42 /* Main.storyboard in Resources */,
				ABA2B1A41AE643DC009C8C42 /* LaunchScreen.xib in Resources */,
				ABA2B1A11AE643DC009C8C42 /* Images.xcassets in Resources */,
			);
			runOnlyForDeploymentPostprocessing = 0;
		};
		ABA2B1A71AE643DC009C8C42 /* Resources */ = {
			isa = PBXResourcesBuildPhase;
			buildActionMask = 2147483647;
			files = (
			);
			runOnlyForDeploymentPostprocessing = 0;
		};
/* End PBXResourcesBuildPhase section */

/* Begin PBXSourcesBuildPhase section */
		ABA2B18D1AE643DC009C8C42 /* Sources */ = {
			isa = PBXSourcesBuildPhase;
			buildActionMask = 2147483647;
			files = (
				ABA2B19C1AE643DC009C8C42 /* ViewController.swift in Sources */,
				ABA2B1971AE643DC009C8C42 /* AppDelegate.swift in Sources */,
				ABA2B19A1AE643DC009C8C42 /* assessment1.xcdatamodeld in Sources */,
			);
			runOnlyForDeploymentPostprocessing = 0;
		};
		ABA2B1A51AE643DC009C8C42 /* Sources */ = {
			isa = PBXSourcesBuildPhase;
			buildActionMask = 2147483647;
			files = (
				ABA2B1B01AE643DC009C8C42 /* assessment1Tests.swift in Sources */,
			);
			runOnlyForDeploymentPostprocessing = 0;
		};
/* End PBXSourcesBuildPhase section */

/* Begin PBXTargetDependency section */
		ABA2B1AB1AE643DC009C8C42 /* PBXTargetDependency */ = {
			isa = PBXTargetDependency;
			target = ABA2B1901AE643DC009C8C42 /* assessment1 */;
			targetProxy = ABA2B1AA1AE643DC009C8C42 /* PBXContainerItemProxy */;
		};
/* End PBXTargetDependency section */

/* Begin PBXVariantGroup section */
		ABA2B19D1AE643DC009C8C42 /* Main.storyboard */ = {
			isa = PBXVariantGroup;
			children = (
				ABA2B19E1AE643DC009C8C42 /* Base */,
			);
			name = Main.storyboard;
			sourceTree = "<group>";
		};
		ABA2B1A21AE643DC009C8C42 /* LaunchScreen.xib */ = {
			isa = PBXVariantGroup;
			children = (
				ABA2B1A31AE643DC009C8C42 /* Base */,
			);
			name = LaunchScreen.xib;
			sourceTree = "<group>";
		};
/* End PBXVariantGroup section */

/* Begin XCBuildConfiguration section */
		ABA2B1B11AE643DC009C8C42 /* Debug */ = {
			isa = XCBuildConfiguration;
			buildSettings = {
				ALWAYS_SEARCH_USER_PATHS = NO;
				CLANG_CXX_LANGUAGE_STANDARD = "gnu++0x";
				CLANG_CXX_LIBRARY = "libc++";
				CLANG_ENABLE_MODULES = YES;
				CLANG_ENABLE_OBJC_ARC = YES;
				CLANG_WARN_BOOL_CONVERSION = YES;
				CLANG_WARN_CONSTANT_CONVERSION = YES;
				CLANG_WARN_DIRECT_OBJC_ISA_USAGE = YES_ERROR;
				CLANG_WARN_EMPTY_BODY = YES;
				CLANG_WARN_ENUM_CONVERSION = YES;
				CLANG_WARN_INT_CONVERSION = YES;
				CLANG_WARN_OBJC_ROOT_CLASS = YES_ERROR;
				CLANG_WARN_UNREACHABLE_CODE = YES;
				CLANG_WARN__DUPLICATE_METHOD_MATCH = YES;
				"CODE_SIGN_IDENTITY[sdk=iphoneos*]" = "iPhone Developer";
				COPY_PHASE_STRIP = NO;
				DEBUG_INFORMATION_FORMAT = "dwarf-with-dsym";
				ENABLE_STRICT_OBJC_MSGSEND = YES;
				GCC_C_LANGUAGE_STANDARD = gnu99;
				GCC_DYNAMIC_NO_PIC = NO;
				GCC_NO_COMMON_BLOCKS = YES;
				GCC_OPTIMIZATION_LEVEL = 0;
				GCC_PREPROCESSOR_DEFINITIONS = (
					"DEBUG=1",
					"$(inherited)",
				);
				GCC_SYMBOLS_PRIVATE_EXTERN = NO;
				GCC_WARN_64_TO_32_BIT_CONVERSION = YES;
				GCC_WARN_ABOUT_RETURN_TYPE = YES_ERROR;
				GCC_WARN_UNDECLARED_SELECTOR = YES;
				GCC_WARN_UNINITIALIZED_AUTOS = YES_AGGRESSIVE;
				GCC_WARN_UNUSED_FUNCTION = YES;
				GCC_WARN_UNUSED_VARIABLE = YES;
				IPHONEOS_DEPLOYMENT_TARGET = 8.3;
				MTL_ENABLE_DEBUG_INFO = YES;
				ONLY_ACTIVE_ARCH = YES;
				SDKROOT = iphoneos;
				SWIFT_OPTIMIZATION_LEVEL = "-Onone";
			};
			name = Debug;
		};
		ABA2B1B21AE643DC009C8C42 /* Release */ = {
			isa = XCBuildConfiguration;
			buildSettings = {
				ALWAYS_SEARCH_USER_PATHS = NO;
				CLANG_CXX_LANGUAGE_STANDARD = "gnu++0x";
				CLANG_CXX_LIBRARY = "libc++";
				CLANG_ENABLE_MODULES = YES;
				CLANG_ENABLE_OBJC_ARC = YES;
				CLANG_WARN_BOOL_CONVERSION = YES;
				CLANG_WARN_CONSTANT_CONVERSION = YES;
				CLANG_WARN_DIRECT_OBJC_ISA_USAGE = YES_ERROR;
				CLANG_WARN_EMPTY_BODY = YES;
				CLANG_WARN_ENUM_CONVERSION = YES;
				CLANG_WARN_INT_CONVERSION = YES;
				CLANG_WARN_OBJC_ROOT_CLASS = YES_ERROR;
				CLANG_WARN_UNREACHABLE_CODE = YES;
				CLANG_WARN__DUPLICATE_METHOD_MATCH = YES;
				"CODE_SIGN_IDENTITY[sdk=iphoneos*]" = "iPhone Developer";
				COPY_PHASE_STRIP = NO;
				DEBUG_INFORMATION_FORMAT = "dwarf-with-dsym";
				ENABLE_NS_ASSERTIONS = NO;
				ENABLE_STRICT_OBJC_MSGSEND = YES;
				GCC_C_LANGUAGE_STANDARD = gnu99;
				GCC_NO_COMMON_BLOCKS = YES;
				GCC_WARN_64_TO_32_BIT_CONVERSION = YES;
				GCC_WARN_ABOUT_RETURN_TYPE = YES_ERROR;
				GCC_WARN_UNDECLARED_SELECTOR = YES;
				GCC_WARN_UNINITIALIZED_AUTOS = YES_AGGRESSIVE;
				GCC_WARN_UNUSED_FUNCTION = YES;
				GCC_WARN_UNUSED_VARIABLE = YES;
				IPHONEOS_DEPLOYMENT_TARGET = 8.3;
				MTL_ENABLE_DEBUG_INFO = NO;
				SDKROOT = iphoneos;
				VALIDATE_PRODUCT = YES;
			};
			name = Release;
		};
		ABA2B1B41AE643DC009C8C42 /* Debug */ = {
			isa = XCBuildConfiguration;
			buildSettings = {
				ASSETCATALOG_COMPILER_APPICON_NAME = AppIcon;
				INFOPLIST_FILE = assessment1/Info.plist;
				LD_RUNPATH_SEARCH_PATHS = "$(inherited) @executable_path/Frameworks";
				PRODUCT_NAME = "$(TARGET_NAME)";
			};
			name = Debug;
		};
		ABA2B1B51AE643DC009C8C42 /* Release */ = {
			isa = XCBuildConfiguration;
			buildSettings = {
				ASSETCATALOG_COMPILER_APPICON_NAME = AppIcon;
				INFOPLIST_FILE = assessment1/Info.plist;
				LD_RUNPATH_SEARCH_PATHS = "$(inherited) @executable_path/Frameworks";
				PRODUCT_NAME = "$(TARGET_NAME)";
			};
			name = Release;
		};
		ABA2B1B71AE643DC009C8C42 /* Debug */ = {
			isa = XCBuildConfiguration;
			buildSettings = {
				BUNDLE_LOADER = "$(TEST_HOST)";
				FRAMEWORK_SEARCH_PATHS = (
					"$(SDKROOT)/Developer/Library/Frameworks",
					"$(inherited)",
				);
				GCC_PREPROCESSOR_DEFINITIONS = (
					"DEBUG=1",
					"$(inherited)",
				);
				INFOPLIST_FILE = assessment1Tests/Info.plist;
				LD_RUNPATH_SEARCH_PATHS = "$(inherited) @executable_path/Frameworks @loader_path/Frameworks";
				PRODUCT_NAME = "$(TARGET_NAME)";
				TEST_HOST = "$(BUILT_PRODUCTS_DIR)/assessment1.app/assessment1";
			};
			name = Debug;
		};
		ABA2B1B81AE643DC009C8C42 /* Release */ = {
			isa = XCBuildConfiguration;
			buildSettings = {
				BUNDLE_LOADER = "$(TEST_HOST)";
				FRAMEWORK_SEARCH_PATHS = (
					"$(SDKROOT)/Developer/Library/Frameworks",
					"$(inherited)",
				);
				INFOPLIST_FILE = assessment1Tests/Info.plist;
				LD_RUNPATH_SEARCH_PATHS = "$(inherited) @executable_path/Frameworks @loader_path/Frameworks";
				PRODUCT_NAME = "$(TARGET_NAME)";
				TEST_HOST = "$(BUILT_PRODUCTS_DIR)/assessment1.app/assessment1";
			};
			name = Release;
		};
/* End XCBuildConfiguration section */

/* Begin XCConfigurationList section */
		ABA2B18C1AE643DC009C8C42 /* Build configuration list for PBXProject "assessment1" */ = {
			isa = XCConfigurationList;
			buildConfigurations = (
				ABA2B1B11AE643DC009C8C42 /* Debug */,
				ABA2B1B21AE643DC009C8C42 /* Release */,
			);
			defaultConfigurationIsVisible = 0;
			defaultConfigurationName = Release;
		};
		ABA2B1B31AE643DC009C8C42 /* Build configuration list for PBXNativeTarget "assessment1" */ = {
			isa = XCConfigurationList;
			buildConfigurations = (
				ABA2B1B41AE643DC009C8C42 /* Debug */,
				ABA2B1B51AE643DC009C8C42 /* Release */,
			);
			defaultConfigurationIsVisible = 0;
		};
		ABA2B1B61AE643DC009C8C42 /* Build configuration list for PBXNativeTarget "assessment1Tests" */ = {
			isa = XCConfigurationList;
			buildConfigurations = (
				ABA2B1B71AE643DC009C8C42 /* Debug */,
				ABA2B1B81AE643DC009C8C42 /* Release */,
			);
			defaultConfigurationIsVisible = 0;
		};
/* End XCConfigurationList section */

/* Begin XCVersionGroup section */
		ABA2B1981AE643DC009C8C42 /* assessment1.xcdatamodeld */ = {
			isa = XCVersionGroup;
			children = (
				ABA2B1991AE643DC009C8C42 /* assessment1.xcdatamodel */,
			);
			currentVersion = ABA2B1991AE643DC009C8C42 /* assessment1.xcdatamodel */;
			path = assessment1.xcdatamodeld;
			sourceTree = "<group>";
			versionGroupType = wrapper.xcdatamodel;
		};
/* End XCVersionGroup section */
	};
	rootObject = ABA2B1891AE643DC009C8C42 /* Project object */;
}
